
Microsoft Visual Studio Solution File, Format Version 12.00
# Visual Studio Version 17
VisualStudioVersion = 17.5.33530.505
MinimumVisualStudioVersion = 10.0.40219.1
Project("{9A19103F-16F7-4668-BE54-9A1E7A4F7556}") = "ThomasGreg", "..\ThomasGreg\ThomasGreg.csproj", "{3FC01D6A-C2B2-485C-8143-8FCAAC362B4D}"
EndProject
Project("{9A19103F-16F7-4668-BE54-9A1E7A4F7556}") = "APIThomasGreg", "..\APIThomasGreg\APIThomasGreg.csproj", "{C306031C-166A-40F3-99CC-AAE9A9F0EF6F}"
EndProject
Project("{FAE04EC0-301F-11D3-BF4B-00C04F79EFBC}") = "ThomasGreg.Shared", "ThomasGreg.Shared\ThomasGreg.Shared.csproj", "{9CD9E454-8D1A-40B6-9E0E-E8257C1A9FC9}"
EndProject
Global
	GlobalSection(SolutionConfigurationPlatforms) = preSolution
		Debug|Any CPU = Debug|Any CPU
		Release|Any CPU = Release|Any CPU
	EndGlobalSection
	GlobalSection(ProjectConfigurationPlatforms) = postSolution
		{3FC01D6A-C2B2-485C-8143-8FCAAC362B4D}.Debug|Any CPU.ActiveCfg = Debug|Any CPU
		{3FC01D6A-C2B2-485C-8143-8FCAAC362B4D}.Debug|Any CPU.Build.0 = Debug|Any CPU
		{3FC01D6A-C2B2-485C-8143-8FCAAC362B4D}.Release|Any CPU.ActiveCfg = Release|Any CPU
		{3FC01D6A-C2B2-485C-8143-8FCAAC362B4D}.Release|Any CPU.Build.0 = Release|Any CPU
		{C306031C-166A-40F3-99CC-AAE9A9F0EF6F}.Debug|Any CPU.ActiveCfg = Debug|Any CPU
		{C306031C-166A-40F3-99CC-AAE9A9F0EF6F}.Debug|Any CPU.Build.0 = Debug|Any CPU
		{C306031C-166A-40F3-99CC-AAE9A9F0EF6F}.Release|Any CPU.ActiveCfg = Release|Any CPU
		{C306031C-166A-40F3-99CC-AAE9A9F0EF6F}.Release|Any CPU.Build.0 = Release|Any CPU
		{9CD9E454-8D1A-40B6-9E0E-E8257C1A9FC9}.Debug|Any CPU.ActiveCfg = Debug|Any CPU
		{9CD9E454-8D1A-40B6-9E0E-E8257C1A9FC9}.Debug|Any CPU.Build.0 = Debug|Any CPU
		{9CD9E454-8D1A-40B6-9E0E-E8257C1A9FC9}.Release|Any CPU.ActiveCfg = Release|Any CPU
		{9CD9E454-8D1A-40B6-9E0E-E8257C1A9FC9}.Release|Any CPU.Build.0 = Release|Any CPU
	EndGlobalSection
	GlobalSection(SolutionProperties) = preSolution
		HideSolutionNode = FALSE
	EndGlobalSection
	GlobalSection(ExtensibilityGlobals) = postSolution
		SolutionGuid = {F717A2B7-EA78-4977-B186-9B1E06B4E2BD}
	EndGlobalSection
EndGlobal
